
Microsoft Visual Studio Solution File, Format Version 12.00
# Visual Studio Version 17
VisualStudioVersion = 17.12.35527.113 d17.12
MinimumVisualStudioVersion = 10.0.40219.1
Project("{FAE04EC0-301F-11D3-BF4B-00C04F79EFBC}") = "finalProject", "finalProject.csproj", "{964CCF6A-4385-48F0-8BC1-0BC23D2C0B0D}"
EndProject
Project("{FAE04EC0-301F-11D3-BF4B-00C04F79EFBC}") = "Testing", "..\Testing\Testing.csproj", "{31F39766-3C31-4567-B46F-A2664B404421}"
EndProject
Global
	GlobalSection(SolutionConfigurationPlatforms) = preSolution
		Debug|Any CPU = Debug|Any CPU
		Release|Any CPU = Release|Any CPU
	EndGlobalSection
	GlobalSection(ProjectConfigurationPlatforms) = postSolution
		{964CCF6A-4385-48F0-8BC1-0BC23D2C0B0D}.Debug|Any CPU.ActiveCfg = Debug|Any CPU
		{964CCF6A-4385-48F0-8BC1-0BC23D2C0B0D}.Debug|Any CPU.Build.0 = Debug|Any CPU
		{964CCF6A-4385-48F0-8BC1-0BC23D2C0B0D}.Release|Any CPU.ActiveCfg = Release|Any CPU
		{964CCF6A-4385-48F0-8BC1-0BC23D2C0B0D}.Release|Any CPU.Build.0 = Release|Any CPU
		{31F39766-3C31-4567-B46F-A2664B404421}.Debug|Any CPU.ActiveCfg = Debug|Any CPU
		{31F39766-3C31-4567-B46F-A2664B404421}.Debug|Any CPU.Build.0 = Debug|Any CPU
		{31F39766-3C31-4567-B46F-A2664B404421}.Release|Any CPU.ActiveCfg = Release|Any CPU
		{31F39766-3C31-4567-B46F-A2664B404421}.Release|Any CPU.Build.0 = Release|Any CPU
	EndGlobalSection
	GlobalSection(SolutionProperties) = preSolution
		HideSolutionNode = FALSE
	EndGlobalSection
EndGlobal
